// !$*UTF8*$!
{
	archiveVersion = 1;
	classes = {
	};
	objectVersion = 46;
	objects = {

/* Begin PBXBuildFile section */
		514F25C019C38E2C00A6F955 /* main.cpp in Sources */ = {isa = PBXBuildFile; fileRef = 514F25BE19C38E2C00A6F955 /* main.cpp */; };
		514F25C219C38E9A00A6F955 /* OpenGL.framework in Frameworks */ = {isa = PBXBuildFile; fileRef = 514F25C119C38E9A00A6F955 /* OpenGL.framework */; };
		514F25C419C38EA600A6F955 /* CoreFoundation.framework in Frameworks */ = {isa = PBXBuildFile; fileRef = 514F25C319C38EA600A6F955 /* CoreFoundation.framework */; };
		514F25C619C38ECB00A6F955 /* SDL2.framework in Frameworks */ = {isa = PBXBuildFile; fileRef = 514F25C519C38ECB00A6F955 /* SDL2.framework */; };
		514F25C819C38EEA00A6F955 /* libSOIL.a in Frameworks */ = {isa = PBXBuildFile; fileRef = 514F25C719C38EEA00A6F955 /* libSOIL.a */; };
		514F25CA19C38F0D00A6F955 /* libGLEW.a in Frameworks */ = {isa = PBXBuildFile; fileRef = 514F25C919C38F0D00A6F955 /* libGLEW.a */; };
		519F0DDB19D0E56F00B53B95 /* Euchre.cpp in Sources */ = {isa = PBXBuildFile; fileRef = 519F0DD919D0E56F00B53B95 /* Euchre.cpp */; };
/* End PBXBuildFile section */

/* Begin PBXCopyFilesBuildPhase section */
		514F25B219C38DCA00A6F955 /* CopyFiles */ = {
			isa = PBXCopyFilesBuildPhase;
			buildActionMask = 2147483647;
			dstPath = /usr/share/man/man1/;
			dstSubfolderSpec = 0;
			files = (
			);
			runOnlyForDeploymentPostprocessing = 1;
		};
/* End PBXCopyFilesBuildPhase section */

/* Begin PBXFileReference section */
		514F25B419C38DCA00A6F955 /* Euchre */ = {isa = PBXFileReference; explicitFileType = "compiled.mach-o.executable"; includeInIndex = 0; path = Euchre; sourceTree = BUILT_PRODUCTS_DIR; };
		514F25BE19C38E2C00A6F955 /* main.cpp */ = {isa = PBXFileReference; fileEncoding = 4; lastKnownFileType = sourcecode.cpp.cpp; name = main.cpp; path = EuchreCode/main.cpp; sourceTree = SOURCE_ROOT; };
		514F25C119C38E9A00A6F955 /* OpenGL.framework */ = {isa = PBXFileReference; lastKnownFileType = wrapper.framework; name = OpenGL.framework; path = System/Library/Frameworks/OpenGL.framework; sourceTree = SDKROOT; };
		514F25C319C38EA600A6F955 /* CoreFoundation.framework */ = {isa = PBXFileReference; lastKnownFileType = wrapper.framework; name = CoreFoundation.framework; path = System/Library/Frameworks/CoreFoundation.framework; sourceTree = SDKROOT; };
		514F25C519C38ECB00A6F955 /* SDL2.framework */ = {isa = PBXFileReference; lastKnownFileType = wrapper.framework; name = SDL2.framework; path = ../../../../Library/Frameworks/SDL2.framework; sourceTree = "<group>"; };
		514F25C719C38EEA00A6F955 /* libSOIL.a */ = {isa = PBXFileReference; lastKnownFileType = archive.ar; name = libSOIL.a; path = ../../../../usr/local/lib/libSOIL.a; sourceTree = "<group>"; };
		514F25C919C38F0D00A6F955 /* libGLEW.a */ = {isa = PBXFileReference; lastKnownFileType = archive.ar; name = libGLEW.a; path = "../../../../usr/local/include/glew-1.10.0/lib/libGLEW.a"; sourceTree = "<group>"; };
		5182200F19CCD5E50001AACC /* Background.png */ = {isa = PBXFileReference; lastKnownFileType = image.png; path = Background.png; sourceTree = "<group>"; };
		5182201119CCD5E50001AACC /* bgColor.txt */ = {isa = PBXFileReference; lastKnownFileType = text; path = bgColor.txt; sourceTree = "<group>"; };
		5182201219CCD5E50001AACC /* bgPosition.txt */ = {isa = PBXFileReference; lastKnownFileType = text; path = bgPosition.txt; sourceTree = "<group>"; };
		5182201319CCD5E50001AACC /* bgTexture.txt */ = {isa = PBXFileReference; lastKnownFileType = text; path = bgTexture.txt; sourceTree = "<group>"; };
		5182201419CCD5E50001AACC /* drawOrder.txt */ = {isa = PBXFileReference; lastKnownFileType = text; path = drawOrder.txt; sourceTree = "<group>"; };
		5182201619CCD5E50001AACC /* cardColor.txt */ = {isa = PBXFileReference; lastKnownFileType = text; path = cardColor.txt; sourceTree = "<group>"; };
		5182201719CCD5E50001AACC /* cardPosition.txt */ = {isa = PBXFileReference; lastKnownFileType = text; path = cardPosition.txt; sourceTree = "<group>"; };
		5182201819CCD5E50001AACC /* cardTexture.txt */ = {isa = PBXFileReference; lastKnownFileType = text; path = cardTexture.txt; sourceTree = "<group>"; };
		5182201A19CCD5E50001AACC /* BGfragmentShader.txt */ = {isa = PBXFileReference; lastKnownFileType = text; path = BGfragmentShader.txt; sourceTree = "<group>"; };
		5182201B19CCD5E50001AACC /* CardFragmentShader.txt */ = {isa = PBXFileReference; lastKnownFileType = text; path = CardFragmentShader.txt; sourceTree = "<group>"; };
		5182201C19CCD5E50001AACC /* king_of_hearts.png */ = {isa = PBXFileReference; lastKnownFileType = image.png; path = king_of_hearts.png; sourceTree = "<group>"; };
		5182201E19CCD5E50001AACC /* BGvertexShader.txt */ = {isa = PBXFileReference; lastKnownFileType = text; path = BGvertexShader.txt; sourceTree = "<group>"; };
		5182201F19CCD5E50001AACC /* CardVertexShader.txt */ = {isa = PBXFileReference; lastKnownFileType = text; path = CardVertexShader.txt; sourceTree = "<group>"; };
		519F0DD919D0E56F00B53B95 /* Euchre.cpp */ = {isa = PBXFileReference; fileEncoding = 4; lastKnownFileType = sourcecode.cpp.cpp; name = Euchre.cpp; path = EuchreCode/Euchre.cpp; sourceTree = SOURCE_ROOT; };
		519F0DDA19D0E56F00B53B95 /* Euchre.h */ = {isa = PBXFileReference; fileEncoding = 4; lastKnownFileType = sourcecode.c.h; name = Euchre.h; path = EuchreCode/Euchre.h; sourceTree = SOURCE_ROOT; };
/* End PBXFileReference section */

/* Begin PBXFrameworksBuildPhase section */
		514F25B119C38DCA00A6F955 /* Frameworks */ = {
			isa = PBXFrameworksBuildPhase;
			buildActionMask = 2147483647;
			files = (
				514F25CA19C38F0D00A6F955 /* libGLEW.a in Frameworks */,
				514F25C819C38EEA00A6F955 /* libSOIL.a in Frameworks */,
				514F25C619C38ECB00A6F955 /* SDL2.framework in Frameworks */,
				514F25C419C38EA600A6F955 /* CoreFoundation.framework in Frameworks */,
				514F25C219C38E9A00A6F955 /* OpenGL.framework in Frameworks */,
			);
			runOnlyForDeploymentPostprocessing = 0;
		};
/* End PBXFrameworksBuildPhase section */

/* Begin PBXGroup section */
		514F25AB19C38DCA00A6F955 = {
			isa = PBXGroup;
			children = (
				514F25C919C38F0D00A6F955 /* libGLEW.a */,
				514F25C719C38EEA00A6F955 /* libSOIL.a */,
				514F25C519C38ECB00A6F955 /* SDL2.framework */,
				514F25C319C38EA600A6F955 /* CoreFoundation.framework */,
				514F25C119C38E9A00A6F955 /* OpenGL.framework */,
				514F25B619C38DCA00A6F955 /* Euchre */,
				514F25B519C38DCA00A6F955 /* Products */,
				5182200E19CCD5E50001AACC /* Resources */,
			);
			sourceTree = "<group>";
		};
		514F25B519C38DCA00A6F955 /* Products */ = {
			isa = PBXGroup;
			children = (
				514F25B419C38DCA00A6F955 /* Euchre */,
			);
			name = Products;
			sourceTree = "<group>";
		};
		514F25B619C38DCA00A6F955 /* Euchre */ = {
			isa = PBXGroup;
			children = (
				514F25BE19C38E2C00A6F955 /* main.cpp */,
				519F0DD919D0E56F00B53B95 /* Euchre.cpp */,
				519F0DDA19D0E56F00B53B95 /* Euchre.h */,
			);
			path = Euchre;
			sourceTree = "<group>";
		};
		5182200E19CCD5E50001AACC /* Resources */ = {
			isa = PBXGroup;
			children = (
				5182200F19CCD5E50001AACC /* Background.png */,
				5182201019CCD5E50001AACC /* BGattribs */,
				5182201519CCD5E50001AACC /* cardAttribs */,
				5182201919CCD5E50001AACC /* fragmentShaders */,
				5182201C19CCD5E50001AACC /* king_of_hearts.png */,
				5182201D19CCD5E50001AACC /* vertexShaders */,
			);
			name = Resources;
			path = EuchreCode/Resources;
			sourceTree = "<group>";
		};
		5182201019CCD5E50001AACC /* BGattribs */ = {
			isa = PBXGroup;
			children = (
				5182201119CCD5E50001AACC /* bgColor.txt */,
				5182201219CCD5E50001AACC /* bgPosition.txt */,
				5182201319CCD5E50001AACC /* bgTexture.txt */,
				5182201419CCD5E50001AACC /* drawOrder.txt */,
			);
			path = BGattribs;
			sourceTree = "<group>";
		};
		5182201519CCD5E50001AACC /* cardAttribs */ = {
			isa = PBXGroup;
			children = (
				5182201619CCD5E50001AACC /* cardColor.txt */,
				5182201719CCD5E50001AACC /* cardPosition.txt */,
				5182201819CCD5E50001AACC /* cardTexture.txt */,
			);
			path = cardAttribs;
			sourceTree = "<group>";
		};
		5182201919CCD5E50001AACC /* fragmentShaders */ = {
			isa = PBXGroup;
			children = (
				5182201A19CCD5E50001AACC /* BGfragmentShader.txt */,
				5182201B19CCD5E50001AACC /* CardFragmentShader.txt */,
			);
			path = fragmentShaders;
			sourceTree = "<group>";
		};
		5182201D19CCD5E50001AACC /* vertexShaders */ = {
			isa = PBXGroup;
			children = (
				5182201E19CCD5E50001AACC /* BGvertexShader.txt */,
				5182201F19CCD5E50001AACC /* CardVertexShader.txt */,
			);
			path = vertexShaders;
			sourceTree = "<group>";
		};
/* End PBXGroup section */

/* Begin PBXNativeTarget section */
		514F25B319C38DCA00A6F955 /* Euchre */ = {
			isa = PBXNativeTarget;
			buildConfigurationList = 514F25BB19C38DCA00A6F955 /* Build configuration list for PBXNativeTarget "Euchre" */;
			buildPhases = (
				514F25B019C38DCA00A6F955 /* Sources */,
				514F25B119C38DCA00A6F955 /* Frameworks */,
				514F25B219C38DCA00A6F955 /* CopyFiles */,
			);
			buildRules = (
			);
			dependencies = (
			);
			name = Euchre;
			productName = Euchre;
			productReference = 514F25B419C38DCA00A6F955 /* Euchre */;
			productType = "com.apple.product-type.tool";
		};
/* End PBXNativeTarget section */

/* Begin PBXProject section */
		514F25AC19C38DCA00A6F955 /* Project object */ = {
			isa = PBXProject;
			attributes = {
				LastUpgradeCheck = 0600;
				ORGANIZATIONNAME = Learning;
				TargetAttributes = {
					514F25B319C38DCA00A6F955 = {
						CreatedOnToolsVersion = 6.0;
					};
				};
			};
			buildConfigurationList = 514F25AF19C38DCA00A6F955 /* Build configuration list for PBXProject "Euchre" */;
			compatibilityVersion = "Xcode 3.2";
			developmentRegion = English;
			hasScannedForEncodings = 0;
			knownRegions = (
				en,
			);
			mainGroup = 514F25AB19C38DCA00A6F955;
			productRefGroup = 514F25B519C38DCA00A6F955 /* Products */;
			projectDirPath = "";
			projectRoot = "";
			targets = (
				514F25B319C38DCA00A6F955 /* Euchre */,
			);
		};
/* End PBXProject section */

/* Begin PBXSourcesBuildPhase section */
		514F25B019C38DCA00A6F955 /* Sources */ = {
			isa = PBXSourcesBuildPhase;
			buildActionMask = 2147483647;
			files = (
				514F25C019C38E2C00A6F955 /* main.cpp in Sources */,
				519F0DDB19D0E56F00B53B95 /* Euchre.cpp in Sources */,
			);
			runOnlyForDeploymentPostprocessing = 0;
		};
/* End PBXSourcesBuildPhase section */

/* Begin XCBuildConfiguration section */
		514F25B919C38DCA00A6F955 /* Debug */ = {
			isa = XCBuildConfiguration;
			buildSettings = {
				ALWAYS_SEARCH_USER_PATHS = NO;
				CLANG_CXX_LANGUAGE_STANDARD = "gnu++0x";
				CLANG_CXX_LIBRARY = "libc++";
				CLANG_ENABLE_MODULES = YES;
				CLANG_ENABLE_OBJC_ARC = YES;
				CLANG_WARN_BOOL_CONVERSION = YES;
				CLANG_WARN_CONSTANT_CONVERSION = YES;
				CLANG_WARN_DIRECT_OBJC_ISA_USAGE = YES_ERROR;
				CLANG_WARN_EMPTY_BODY = YES;
				CLANG_WARN_ENUM_CONVERSION = YES;
				CLANG_WARN_INT_CONVERSION = YES;
				CLANG_WARN_OBJC_ROOT_CLASS = YES_ERROR;
				CLANG_WARN_UNREACHABLE_CODE = YES;
				CLANG_WARN__DUPLICATE_METHOD_MATCH = YES;
				COPY_PHASE_STRIP = NO;
				ENABLE_STRICT_OBJC_MSGSEND = YES;
				GCC_C_LANGUAGE_STANDARD = gnu99;
				GCC_DYNAMIC_NO_PIC = NO;
				GCC_OPTIMIZATION_LEVEL = 0;
				GCC_PREPROCESSOR_DEFINITIONS = (
					"DEBUG=1",
					"$(inherited)",
				);
				GCC_SYMBOLS_PRIVATE_EXTERN = NO;
				GCC_WARN_64_TO_32_BIT_CONVERSION = YES;
				GCC_WARN_ABOUT_RETURN_TYPE = YES_ERROR;
				GCC_WARN_UNDECLARED_SELECTOR = YES;
				GCC_WARN_UNINITIALIZED_AUTOS = YES_AGGRESSIVE;
				GCC_WARN_UNUSED_FUNCTION = YES;
				GCC_WARN_UNUSED_VARIABLE = YES;
				MACOSX_DEPLOYMENT_TARGET = 10.9;
				MTL_ENABLE_DEBUG_INFO = YES;
				ONLY_ACTIVE_ARCH = YES;
				SDKROOT = macosx;
			};
			name = Debug;
		};
		514F25BA19C38DCA00A6F955 /* Release */ = {
			isa = XCBuildConfiguration;
			buildSettings = {
				ALWAYS_SEARCH_USER_PATHS = NO;
				CLANG_CXX_LANGUAGE_STANDARD = "gnu++0x";
				CLANG_CXX_LIBRARY = "libc++";
				CLANG_ENABLE_MODULES = YES;
				CLANG_ENABLE_OBJC_ARC = YES;
				CLANG_WARN_BOOL_CONVERSION = YES;
				CLANG_WARN_CONSTANT_CONVERSION = YES;
				CLANG_WARN_DIRECT_OBJC_ISA_USAGE = YES_ERROR;
				CLANG_WARN_EMPTY_BODY = YES;
				CLANG_WARN_ENUM_CONVERSION = YES;
				CLANG_WARN_INT_CONVERSION = YES;
				CLANG_WARN_OBJC_ROOT_CLASS = YES_ERROR;
				CLANG_WARN_UNREACHABLE_CODE = YES;
				CLANG_WARN__DUPLICATE_METHOD_MATCH = YES;
				COPY_PHASE_STRIP = YES;
				DEBUG_INFORMATION_FORMAT = "dwarf-with-dsym";
				ENABLE_NS_ASSERTIONS = NO;
				ENABLE_STRICT_OBJC_MSGSEND = YES;
				GCC_C_LANGUAGE_STANDARD = gnu99;
				GCC_WARN_64_TO_32_BIT_CONVERSION = YES;
				GCC_WARN_ABOUT_RETURN_TYPE = YES_ERROR;
				GCC_WARN_UNDECLARED_SELECTOR = YES;
				GCC_WARN_UNINITIALIZED_AUTOS = YES_AGGRESSIVE;
				GCC_WARN_UNUSED_FUNCTION = YES;
				GCC_WARN_UNUSED_VARIABLE = YES;
				MACOSX_DEPLOYMENT_TARGET = 10.9;
				MTL_ENABLE_DEBUG_INFO = NO;
				SDKROOT = macosx;
			};
			name = Release;
		};
		514F25BC19C38DCA00A6F955 /* Debug */ = {
			isa = XCBuildConfiguration;
			buildSettings = {
				FRAMEWORK_SEARCH_PATHS = (
					"$(inherited)",
					"$(LOCAL_LIBRARY_DIR)/Frameworks",
				);
				LIBRARY_SEARCH_PATHS = (
					"$(inherited)",
					"/usr/local/include/glew-1.10.0/lib",
					/usr/local/include/SOIL/lib,
				);
				PRODUCT_NAME = "$(TARGET_NAME)";
				USER_HEADER_SEARCH_PATHS = "/usr/local/include/SOIL/src /usr/local/include/glm/glm /usr/local/include/glew-1.10.0/include";
			};
			name = Debug;
		};
		514F25BD19C38DCA00A6F955 /* Release */ = {
			isa = XCBuildConfiguration;
			buildSettings = {
				FRAMEWORK_SEARCH_PATHS = (
					"$(inherited)",
					"$(LOCAL_LIBRARY_DIR)/Frameworks",
				);
				LIBRARY_SEARCH_PATHS = (
					"$(inherited)",
					"/usr/local/include/glew-1.10.0/lib",
					/usr/local/include/SOIL/lib,
				);
				PRODUCT_NAME = "$(TARGET_NAME)";
				USER_HEADER_SEARCH_PATHS = "/usr/local/include/SOIL/src /usr/local/include/glm/glm /usr/local/include/glew-1.10.0/include";
			};
			name = Release;
		};
/* End XCBuildConfiguration section */

/* Begin XCConfigurationList section */
		514F25AF19C38DCA00A6F955 /* Build configuration list for PBXProject "Euchre" */ = {
			isa = XCConfigurationList;
			buildConfigurations = (
				514F25B919C38DCA00A6F955 /* Debug */,
				514F25BA19C38DCA00A6F955 /* Release */,
			);
			defaultConfigurationIsVisible = 0;
			defaultConfigurationName = Release;
		};
		514F25BB19C38DCA00A6F955 /* Build configuration list for PBXNativeTarget "Euchre" */ = {
			isa = XCConfigurationList;
			buildConfigurations = (
				514F25BC19C38DCA00A6F955 /* Debug */,
				514F25BD19C38DCA00A6F955 /* Release */,
			);
			defaultConfigurationIsVisible = 0;
			defaultConfigurationName = Release;
		};
/* End XCConfigurationList section */
	};
	rootObject = 514F25AC19C38DCA00A6F955 /* Project object */;
}
